
Microsoft Visual Studio Solution File, Format Version 12.00
# Visual Studio 2012
Project("{FAE04EC0-301F-11D3-BF4B-00C04F79EFBC}") = "PartyInvites", "PartyInvites\PartyInvites.csproj", "{1F34F47D-715E-419C-82C5-FF51A22FDAC1}"
EndProject
Project("{FAE04EC0-301F-11D3-BF4B-00C04F79EFBC}") = "PartyInvites.Tests", "PartyInvites.Tests\PartyInvites.Tests.csproj", "{1D505C90-DC44-4725-AD39-7D1DD84388DC}"
EndProject
Project("{2150E333-8FDC-42A3-9474-1A3956D46DE8}") = ".nuget", ".nuget", "{34FCDD50-EB5B-4FB2-9416-E38E20F843E7}"
	ProjectSection(SolutionItems) = preProject
		.nuget\NuGet.Config = .nuget\NuGet.Config
		.nuget\NuGet.targets = .nuget\NuGet.targets
	EndProjectSection
EndProject
Global
	GlobalSection(SolutionConfigurationPlatforms) = preSolution
		Debug|Any CPU = Debug|Any CPU
		Release|Any CPU = Release|Any CPU
	EndGlobalSection
	GlobalSection(ProjectConfigurationPlatforms) = postSolution
		{1F34F47D-715E-419C-82C5-FF51A22FDAC1}.Debug|Any CPU.ActiveCfg = Debug|Any CPU
		{1F34F47D-715E-419C-82C5-FF51A22FDAC1}.Debug|Any CPU.Build.0 = Debug|Any CPU
		{1F34F47D-715E-419C-82C5-FF51A22FDAC1}.Release|Any CPU.ActiveCfg = Release|Any CPU
		{1F34F47D-715E-419C-82C5-FF51A22FDAC1}.Release|Any CPU.Build.0 = Release|Any CPU
		{1D505C90-DC44-4725-AD39-7D1DD84388DC}.Debug|Any CPU.ActiveCfg = Debug|Any CPU
		{1D505C90-DC44-4725-AD39-7D1DD84388DC}.Debug|Any CPU.Build.0 = Debug|Any CPU
		{1D505C90-DC44-4725-AD39-7D1DD84388DC}.Release|Any CPU.ActiveCfg = Release|Any CPU
		{1D505C90-DC44-4725-AD39-7D1DD84388DC}.Release|Any CPU.Build.0 = Release|Any CPU
	EndGlobalSection
	GlobalSection(SolutionProperties) = preSolution
		HideSolutionNode = FALSE
	EndGlobalSection
EndGlobal
